// !$*UTF8*$!
{
	archiveVersion = 1;
	classes = {
	};
	objectVersion = 50;
	objects = {

/* Begin PBXBuildFile section */
		C80C2C8A243BB65F0056498F /* ConversationCell.swift in Sources */ = {isa = PBXBuildFile; fileRef = C80C2C89243BB65F0056498F /* ConversationCell.swift */; };
		C80C2C8C243BFF0C0056498F /* WelcomeViewController.swift in Sources */ = {isa = PBXBuildFile; fileRef = C80C2C8B243BFF0C0056498F /* WelcomeViewController.swift */; };
		C8140524243BA4FD004A7F6F /* ContactStruct.swift in Sources */ = {isa = PBXBuildFile; fileRef = C8140523243BA4FD004A7F6F /* ContactStruct.swift */; };
		C821D81A243A7A980062D521 /* HomeFeedCells.swift in Sources */ = {isa = PBXBuildFile; fileRef = C821D819243A7A980062D521 /* HomeFeedCells.swift */; };
		C821D81C243AAA560062D521 /* ProductCells.swift in Sources */ = {isa = PBXBuildFile; fileRef = C821D81B243AAA560062D521 /* ProductCells.swift */; };
		C821D81E243AB0390062D521 /* ProductViewController.swift in Sources */ = {isa = PBXBuildFile; fileRef = C821D81D243AB0390062D521 /* ProductViewController.swift */; };
		C821D820243ABAE20062D521 /* MessagesTableViewCell.swift in Sources */ = {isa = PBXBuildFile; fileRef = C821D81F243ABAE20062D521 /* MessagesTableViewCell.swift */; };
		C821D823243B80750062D521 /* MessagesStruct.swift in Sources */ = {isa = PBXBuildFile; fileRef = C821D822243B80750062D521 /* MessagesStruct.swift */; };
		C821D825243BA33E0062D521 /* ConversationsViewController.swift in Sources */ = {isa = PBXBuildFile; fileRef = C821D824243BA33E0062D521 /* ConversationsViewController.swift */; };
		C884566A244247B200A93D2B /* ProfileViewController.swift in Sources */ = {isa = PBXBuildFile; fileRef = C8845669244247B200A93D2B /* ProfileViewController.swift */; };
		C8875DB9243E596600D52420 /* WelcomeCollectionViewCell.swift in Sources */ = {isa = PBXBuildFile; fileRef = C8875DB8243E596600D52420 /* WelcomeCollectionViewCell.swift */; };
		C8875DBB243EA2D900D52420 /* LoginViewController.swift in Sources */ = {isa = PBXBuildFile; fileRef = C8875DBA243EA2D900D52420 /* LoginViewController.swift */; };
		C8875DBD243EA5C500D52420 /* SignupViewController.swift in Sources */ = {isa = PBXBuildFile; fileRef = C8875DBC243EA5C500D52420 /* SignupViewController.swift */; };
		C8875DBF244242D000D52420 /* ProfileCells.swift in Sources */ = {isa = PBXBuildFile; fileRef = C8875DBE244242D000D52420 /* ProfileCells.swift */; };
		C88BE0B22443987A004355BA /* ProfileTimelineCell.swift in Sources */ = {isa = PBXBuildFile; fileRef = C88BE0B12443987A004355BA /* ProfileTimelineCell.swift */; };
		C88BE0B42443E135004355BA /* LikedImagesCells.swift in Sources */ = {isa = PBXBuildFile; fileRef = C88BE0B32443E135004355BA /* LikedImagesCells.swift */; };
		C88BE0B62444BBB0004355BA /* ExploreCells.swift in Sources */ = {isa = PBXBuildFile; fileRef = C88BE0B52444BBB0004355BA /* ExploreCells.swift */; };
		C89C22BD243A555300934DD3 /* AppDelegate.swift in Sources */ = {isa = PBXBuildFile; fileRef = C89C22BC243A555300934DD3 /* AppDelegate.swift */; };
		C89C22BF243A555300934DD3 /* SceneDelegate.swift in Sources */ = {isa = PBXBuildFile; fileRef = C89C22BE243A555300934DD3 /* SceneDelegate.swift */; };
		C89C22C1243A555300934DD3 /* TabBarController.swift in Sources */ = {isa = PBXBuildFile; fileRef = C89C22C0243A555300934DD3 /* TabBarController.swift */; };
		C89C22C6243A555500934DD3 /* Assets.xcassets in Resources */ = {isa = PBXBuildFile; fileRef = C89C22C5243A555500934DD3 /* Assets.xcassets */; };
		C89C22C9243A555500934DD3 /* LaunchScreen.storyboard in Resources */ = {isa = PBXBuildFile; fileRef = C89C22C7243A555500934DD3 /* LaunchScreen.storyboard */; };
		C8F7D389243A5DA800A0A6A0 /* HomeFeedViewController.swift in Sources */ = {isa = PBXBuildFile; fileRef = C8F7D388243A5DA800A0A6A0 /* HomeFeedViewController.swift */; };
		C8F7D38C243A610300A0A6A0 /* ExploreViewController.swift in Sources */ = {isa = PBXBuildFile; fileRef = C8F7D38B243A610300A0A6A0 /* ExploreViewController.swift */; };
		C8F7D38E243A61EA00A0A6A0 /* SettingsViewController.swift in Sources */ = {isa = PBXBuildFile; fileRef = C8F7D38D243A61EA00A0A6A0 /* SettingsViewController.swift */; };
		C8F7D390243A622C00A0A6A0 /* MessagesViewController.swift in Sources */ = {isa = PBXBuildFile; fileRef = C8F7D38F243A622C00A0A6A0 /* MessagesViewController.swift */; };
/* End PBXBuildFile section */

/* Begin PBXFileReference section */
		C80C2C89243BB65F0056498F /* ConversationCell.swift */ = {isa = PBXFileReference; lastKnownFileType = sourcecode.swift; path = ConversationCell.swift; sourceTree = "<group>"; };
		C80C2C8B243BFF0C0056498F /* WelcomeViewController.swift */ = {isa = PBXFileReference; lastKnownFileType = sourcecode.swift; path = WelcomeViewController.swift; sourceTree = "<group>"; };
		C8140523243BA4FD004A7F6F /* ContactStruct.swift */ = {isa = PBXFileReference; lastKnownFileType = sourcecode.swift; path = ContactStruct.swift; sourceTree = "<group>"; };
		C821D819243A7A980062D521 /* HomeFeedCells.swift */ = {isa = PBXFileReference; lastKnownFileType = sourcecode.swift; path = HomeFeedCells.swift; sourceTree = "<group>"; };
		C821D81B243AAA560062D521 /* ProductCells.swift */ = {isa = PBXFileReference; lastKnownFileType = sourcecode.swift; path = ProductCells.swift; sourceTree = "<group>"; };
		C821D81D243AB0390062D521 /* ProductViewController.swift */ = {isa = PBXFileReference; lastKnownFileType = sourcecode.swift; path = ProductViewController.swift; sourceTree = "<group>"; };
		C821D81F243ABAE20062D521 /* MessagesTableViewCell.swift */ = {isa = PBXFileReference; lastKnownFileType = sourcecode.swift; path = MessagesTableViewCell.swift; sourceTree = "<group>"; };
		C821D822243B80750062D521 /* MessagesStruct.swift */ = {isa = PBXFileReference; lastKnownFileType = sourcecode.swift; path = MessagesStruct.swift; sourceTree = "<group>"; };
		C821D824243BA33E0062D521 /* ConversationsViewController.swift */ = {isa = PBXFileReference; lastKnownFileType = sourcecode.swift; path = ConversationsViewController.swift; sourceTree = "<group>"; };
		C8845669244247B200A93D2B /* ProfileViewController.swift */ = {isa = PBXFileReference; lastKnownFileType = sourcecode.swift; path = ProfileViewController.swift; sourceTree = "<group>"; };
		C8875DB8243E596600D52420 /* WelcomeCollectionViewCell.swift */ = {isa = PBXFileReference; lastKnownFileType = sourcecode.swift; path = WelcomeCollectionViewCell.swift; sourceTree = "<group>"; };
		C8875DBA243EA2D900D52420 /* LoginViewController.swift */ = {isa = PBXFileReference; lastKnownFileType = sourcecode.swift; path = LoginViewController.swift; sourceTree = "<group>"; };
		C8875DBC243EA5C500D52420 /* SignupViewController.swift */ = {isa = PBXFileReference; lastKnownFileType = sourcecode.swift; path = SignupViewController.swift; sourceTree = "<group>"; };
		C8875DBE244242D000D52420 /* ProfileCells.swift */ = {isa = PBXFileReference; lastKnownFileType = sourcecode.swift; path = ProfileCells.swift; sourceTree = "<group>"; };
		C88BE0B12443987A004355BA /* ProfileTimelineCell.swift */ = {isa = PBXFileReference; lastKnownFileType = sourcecode.swift; path = ProfileTimelineCell.swift; sourceTree = "<group>"; };
		C88BE0B32443E135004355BA /* LikedImagesCells.swift */ = {isa = PBXFileReference; lastKnownFileType = sourcecode.swift; path = LikedImagesCells.swift; sourceTree = "<group>"; };
		C88BE0B52444BBB0004355BA /* ExploreCells.swift */ = {isa = PBXFileReference; lastKnownFileType = sourcecode.swift; path = ExploreCells.swift; sourceTree = "<group>"; };
		C89C22B9243A555300934DD3 /* shopster.app */ = {isa = PBXFileReference; explicitFileType = wrapper.application; includeInIndex = 0; path = shopster.app; sourceTree = BUILT_PRODUCTS_DIR; };
		C89C22BC243A555300934DD3 /* AppDelegate.swift */ = {isa = PBXFileReference; lastKnownFileType = sourcecode.swift; path = AppDelegate.swift; sourceTree = "<group>"; };
		C89C22BE243A555300934DD3 /* SceneDelegate.swift */ = {isa = PBXFileReference; lastKnownFileType = sourcecode.swift; path = SceneDelegate.swift; sourceTree = "<group>"; };
		C89C22C0243A555300934DD3 /* TabBarController.swift */ = {isa = PBXFileReference; lastKnownFileType = sourcecode.swift; path = TabBarController.swift; sourceTree = "<group>"; };
		C89C22C5243A555500934DD3 /* Assets.xcassets */ = {isa = PBXFileReference; lastKnownFileType = folder.assetcatalog; path = Assets.xcassets; sourceTree = "<group>"; };
		C89C22C8243A555500934DD3 /* Base */ = {isa = PBXFileReference; lastKnownFileType = file.storyboard; name = Base; path = Base.lproj/LaunchScreen.storyboard; sourceTree = "<group>"; };
		C89C22CA243A555500934DD3 /* Info.plist */ = {isa = PBXFileReference; lastKnownFileType = text.plist.xml; path = Info.plist; sourceTree = "<group>"; };
		C8F7D388243A5DA800A0A6A0 /* HomeFeedViewController.swift */ = {isa = PBXFileReference; lastKnownFileType = sourcecode.swift; path = HomeFeedViewController.swift; sourceTree = "<group>"; };
		C8F7D38B243A610300A0A6A0 /* ExploreViewController.swift */ = {isa = PBXFileReference; lastKnownFileType = sourcecode.swift; path = ExploreViewController.swift; sourceTree = "<group>"; };
		C8F7D38D243A61EA00A0A6A0 /* SettingsViewController.swift */ = {isa = PBXFileReference; lastKnownFileType = sourcecode.swift; path = SettingsViewController.swift; sourceTree = "<group>"; };
		C8F7D38F243A622C00A0A6A0 /* MessagesViewController.swift */ = {isa = PBXFileReference; lastKnownFileType = sourcecode.swift; path = MessagesViewController.swift; sourceTree = "<group>"; };
/* End PBXFileReference section */

/* Begin PBXFrameworksBuildPhase section */
		C89C22B6243A555300934DD3 /* Frameworks */ = {
			isa = PBXFrameworksBuildPhase;
			buildActionMask = 2147483647;
			files = (
			);
			runOnlyForDeploymentPostprocessing = 0;
		};
/* End PBXFrameworksBuildPhase section */

/* Begin PBXGroup section */
		C821D818243A7A850062D521 /* Cells */ = {
			isa = PBXGroup;
			children = (
				C821D819243A7A980062D521 /* HomeFeedCells.swift */,
				C821D81B243AAA560062D521 /* ProductCells.swift */,
				C821D81F243ABAE20062D521 /* MessagesTableViewCell.swift */,
				C80C2C89243BB65F0056498F /* ConversationCell.swift */,
				C8875DB8243E596600D52420 /* WelcomeCollectionViewCell.swift */,
				C8875DBE244242D000D52420 /* ProfileCells.swift */,
				C88BE0B12443987A004355BA /* ProfileTimelineCell.swift */,
				C88BE0B32443E135004355BA /* LikedImagesCells.swift */,
				C88BE0B52444BBB0004355BA /* ExploreCells.swift */,
			);
			path = Cells;
			sourceTree = "<group>";
		};
		C821D821243B80640062D521 /* Structs */ = {
			isa = PBXGroup;
			children = (
				C821D822243B80750062D521 /* MessagesStruct.swift */,
				C8140523243BA4FD004A7F6F /* ContactStruct.swift */,
			);
			path = Structs;
			sourceTree = "<group>";
		};
		C84C2663243CFEDE0095D512 /* PostInstallViewControllers */ = {
			isa = PBXGroup;
			children = (
				C80C2C8B243BFF0C0056498F /* WelcomeViewController.swift */,
			);
			path = PostInstallViewControllers;
			sourceTree = "<group>";
		};
		C89C22B0243A555300934DD3 = {
			isa = PBXGroup;
			children = (
				C89C22BB243A555300934DD3 /* shopster */,
				C89C22BA243A555300934DD3 /* Products */,
			);
			sourceTree = "<group>";
		};
		C89C22BA243A555300934DD3 /* Products */ = {
			isa = PBXGroup;
			children = (
				C89C22B9243A555300934DD3 /* shopster.app */,
			);
			name = Products;
			sourceTree = "<group>";
		};
		C89C22BB243A555300934DD3 /* shopster */ = {
			isa = PBXGroup;
			children = (
				C821D821243B80640062D521 /* Structs */,
				C821D818243A7A850062D521 /* Cells */,
				C8F7D38A243A5DE200A0A6A0 /* ViewControllers */,
				C89C22BC243A555300934DD3 /* AppDelegate.swift */,
				C89C22BE243A555300934DD3 /* SceneDelegate.swift */,
				C89C22C0243A555300934DD3 /* TabBarController.swift */,
				C89C22C5243A555500934DD3 /* Assets.xcassets */,
				C89C22C7243A555500934DD3 /* LaunchScreen.storyboard */,
				C89C22CA243A555500934DD3 /* Info.plist */,
			);
			path = shopster;
			sourceTree = "<group>";
		};
		C8F7D38A243A5DE200A0A6A0 /* ViewControllers */ = {
			isa = PBXGroup;
			children = (
				C84C2663243CFEDE0095D512 /* PostInstallViewControllers */,
				C8F7D388243A5DA800A0A6A0 /* HomeFeedViewController.swift */,
				C821D81D243AB0390062D521 /* ProductViewController.swift */,
				C8F7D38B243A610300A0A6A0 /* ExploreViewController.swift */,
				C821D824243BA33E0062D521 /* ConversationsViewController.swift */,
				C8F7D38F243A622C00A0A6A0 /* MessagesViewController.swift */,
				C8F7D38D243A61EA00A0A6A0 /* SettingsViewController.swift */,
				C8875DBA243EA2D900D52420 /* LoginViewController.swift */,
				C8875DBC243EA5C500D52420 /* SignupViewController.swift */,
				C8845669244247B200A93D2B /* ProfileViewController.swift */,
			);
			path = ViewControllers;
			sourceTree = "<group>";
		};
/* End PBXGroup section */

/* Begin PBXNativeTarget section */
		C89C22B8243A555300934DD3 /* shopster */ = {
			isa = PBXNativeTarget;
			buildConfigurationList = C89C22CD243A555500934DD3 /* Build configuration list for PBXNativeTarget "shopster" */;
			buildPhases = (
				C89C22B5243A555300934DD3 /* Sources */,
				C89C22B6243A555300934DD3 /* Frameworks */,
				C89C22B7243A555300934DD3 /* Resources */,
			);
			buildRules = (
			);
			dependencies = (
			);
			name = shopster;
			productName = shopster;
			productReference = C89C22B9243A555300934DD3 /* shopster.app */;
			productType = "com.apple.product-type.application";
		};
/* End PBXNativeTarget section */

/* Begin PBXProject section */
		C89C22B1243A555300934DD3 /* Project object */ = {
			isa = PBXProject;
			attributes = {
				LastSwiftUpdateCheck = 1130;
				LastUpgradeCheck = 1130;
				ORGANIZATIONNAME = "John Lui";
				TargetAttributes = {
					C89C22B8243A555300934DD3 = {
						CreatedOnToolsVersion = 11.3.1;
					};
				};
			};
			buildConfigurationList = C89C22B4243A555300934DD3 /* Build configuration list for PBXProject "shopster" */;
			compatibilityVersion = "Xcode 9.3";
			developmentRegion = en;
			hasScannedForEncodings = 0;
			knownRegions = (
				en,
				Base,
			);
			mainGroup = C89C22B0243A555300934DD3;
			productRefGroup = C89C22BA243A555300934DD3 /* Products */;
			projectDirPath = "";
			projectRoot = "";
			targets = (
				C89C22B8243A555300934DD3 /* shopster */,
			);
		};
/* End PBXProject section */

/* Begin PBXResourcesBuildPhase section */
		C89C22B7243A555300934DD3 /* Resources */ = {
			isa = PBXResourcesBuildPhase;
			buildActionMask = 2147483647;
			files = (
				C89C22C9243A555500934DD3 /* LaunchScreen.storyboard in Resources */,
				C89C22C6243A555500934DD3 /* Assets.xcassets in Resources */,
			);
			runOnlyForDeploymentPostprocessing = 0;
		};
/* End PBXResourcesBuildPhase section */

/* Begin PBXSourcesBuildPhase section */
		C89C22B5243A555300934DD3 /* Sources */ = {
			isa = PBXSourcesBuildPhase;
			buildActionMask = 2147483647;
			files = (
				C8F7D38E243A61EA00A0A6A0 /* SettingsViewController.swift in Sources */,
				C80C2C8C243BFF0C0056498F /* WelcomeViewController.swift in Sources */,
				C88BE0B22443987A004355BA /* ProfileTimelineCell.swift in Sources */,
				C8140524243BA4FD004A7F6F /* ContactStruct.swift in Sources */,
				C821D820243ABAE20062D521 /* MessagesTableViewCell.swift in Sources */,
				C8875DBB243EA2D900D52420 /* LoginViewController.swift in Sources */,
				C8F7D390243A622C00A0A6A0 /* MessagesViewController.swift in Sources */,
				C88BE0B62444BBB0004355BA /* ExploreCells.swift in Sources */,
				C89C22C1243A555300934DD3 /* TabBarController.swift in Sources */,
				C8875DB9243E596600D52420 /* WelcomeCollectionViewCell.swift in Sources */,
				C8875DBD243EA5C500D52420 /* SignupViewController.swift in Sources */,
				C821D823243B80750062D521 /* MessagesStruct.swift in Sources */,
				C89C22BD243A555300934DD3 /* AppDelegate.swift in Sources */,
				C821D81C243AAA560062D521 /* ProductCells.swift in Sources */,
				C8F7D38C243A610300A0A6A0 /* ExploreViewController.swift in Sources */,
				C8875DBF244242D000D52420 /* ProfileCells.swift in Sources */,
				C89C22BF243A555300934DD3 /* SceneDelegate.swift in Sources */,
				C821D81A243A7A980062D521 /* HomeFeedCells.swift in Sources */,
				C821D81E243AB0390062D521 /* ProductViewController.swift in Sources */,
				C821D825243BA33E0062D521 /* ConversationsViewController.swift in Sources */,
				C884566A244247B200A93D2B /* ProfileViewController.swift in Sources */,
				C88BE0B42443E135004355BA /* LikedImagesCells.swift in Sources */,
				C8F7D389243A5DA800A0A6A0 /* HomeFeedViewController.swift in Sources */,
				C80C2C8A243BB65F0056498F /* ConversationCell.swift in Sources */,
			);
			runOnlyForDeploymentPostprocessing = 0;
		};
/* End PBXSourcesBuildPhase section */

/* Begin PBXVariantGroup section */
		C89C22C7243A555500934DD3 /* LaunchScreen.storyboard */ = {
			isa = PBXVariantGroup;
			children = (
				C89C22C8243A555500934DD3 /* Base */,
			);
			name = LaunchScreen.storyboard;
			sourceTree = "<group>";
		};
/* End PBXVariantGroup section */

/* Begin XCBuildConfiguration section */
		C89C22CB243A555500934DD3 /* Debug */ = {
			isa = XCBuildConfiguration;
			buildSettings = {
				ALWAYS_SEARCH_USER_PATHS = NO;
				CLANG_ANALYZER_NONNULL = YES;
				CLANG_ANALYZER_NUMBER_OBJECT_CONVERSION = YES_AGGRESSIVE;
				CLANG_CXX_LANGUAGE_STANDARD = "gnu++14";
				CLANG_CXX_LIBRARY = "libc++";
				CLANG_ENABLE_MODULES = YES;
				CLANG_ENABLE_OBJC_ARC = YES;
				CLANG_ENABLE_OBJC_WEAK = YES;
				CLANG_WARN_BLOCK_CAPTURE_AUTORELEASING = YES;
				CLANG_WARN_BOOL_CONVERSION = YES;
				CLANG_WARN_COMMA = YES;
				CLANG_WARN_CONSTANT_CONVERSION = YES;
				CLANG_WARN_DEPRECATED_OBJC_IMPLEMENTATIONS = YES;
				CLANG_WARN_DIRECT_OBJC_ISA_USAGE = YES_ERROR;
				CLANG_WARN_DOCUMENTATION_COMMENTS = YES;
				CLANG_WARN_EMPTY_BODY = YES;
				CLANG_WARN_ENUM_CONVERSION = YES;
				CLANG_WARN_INFINITE_RECURSION = YES;
				CLANG_WARN_INT_CONVERSION = YES;
				CLANG_WARN_NON_LITERAL_NULL_CONVERSION = YES;
				CLANG_WARN_OBJC_IMPLICIT_RETAIN_SELF = YES;
				CLANG_WARN_OBJC_LITERAL_CONVERSION = YES;
				CLANG_WARN_OBJC_ROOT_CLASS = YES_ERROR;
				CLANG_WARN_RANGE_LOOP_ANALYSIS = YES;
				CLANG_WARN_STRICT_PROTOTYPES = YES;
				CLANG_WARN_SUSPICIOUS_MOVE = YES;
				CLANG_WARN_UNGUARDED_AVAILABILITY = YES_AGGRESSIVE;
				CLANG_WARN_UNREACHABLE_CODE = YES;
				CLANG_WARN__DUPLICATE_METHOD_MATCH = YES;
				COPY_PHASE_STRIP = NO;
				DEBUG_INFORMATION_FORMAT = dwarf;
				ENABLE_STRICT_OBJC_MSGSEND = YES;
				ENABLE_TESTABILITY = YES;
				GCC_C_LANGUAGE_STANDARD = gnu11;
				GCC_DYNAMIC_NO_PIC = NO;
				GCC_NO_COMMON_BLOCKS = YES;
				GCC_OPTIMIZATION_LEVEL = 0;
				GCC_PREPROCESSOR_DEFINITIONS = (
					"DEBUG=1",
					"$(inherited)",
				);
				GCC_WARN_64_TO_32_BIT_CONVERSION = YES;
				GCC_WARN_ABOUT_RETURN_TYPE = YES_ERROR;
				GCC_WARN_UNDECLARED_SELECTOR = YES;
				GCC_WARN_UNINITIALIZED_AUTOS = YES_AGGRESSIVE;
				GCC_WARN_UNUSED_FUNCTION = YES;
				GCC_WARN_UNUSED_VARIABLE = YES;
				IPHONEOS_DEPLOYMENT_TARGET = 13.2;
				MTL_ENABLE_DEBUG_INFO = INCLUDE_SOURCE;
				MTL_FAST_MATH = YES;
				ONLY_ACTIVE_ARCH = YES;
				SDKROOT = iphoneos;
				SWIFT_ACTIVE_COMPILATION_CONDITIONS = DEBUG;
				SWIFT_OPTIMIZATION_LEVEL = "-Onone";
			};
			name = Debug;
		};
		C89C22CC243A555500934DD3 /* Release */ = {
			isa = XCBuildConfiguration;
			buildSettings = {
				ALWAYS_SEARCH_USER_PATHS = NO;
				CLANG_ANALYZER_NONNULL = YES;
				CLANG_ANALYZER_NUMBER_OBJECT_CONVERSION = YES_AGGRESSIVE;
				CLANG_CXX_LANGUAGE_STANDARD = "gnu++14";
				CLANG_CXX_LIBRARY = "libc++";
				CLANG_ENABLE_MODULES = YES;
				CLANG_ENABLE_OBJC_ARC = YES;
				CLANG_ENABLE_OBJC_WEAK = YES;
				CLANG_WARN_BLOCK_CAPTURE_AUTORELEASING = YES;
				CLANG_WARN_BOOL_CONVERSION = YES;
				CLANG_WARN_COMMA = YES;
				CLANG_WARN_CONSTANT_CONVERSION = YES;
				CLANG_WARN_DEPRECATED_OBJC_IMPLEMENTATIONS = YES;
				CLANG_WARN_DIRECT_OBJC_ISA_USAGE = YES_ERROR;
				CLANG_WARN_DOCUMENTATION_COMMENTS = YES;
				CLANG_WARN_EMPTY_BODY = YES;
				CLANG_WARN_ENUM_CONVERSION = YES;
				CLANG_WARN_INFINITE_RECURSION = YES;
				CLANG_WARN_INT_CONVERSION = YES;
				CLANG_WARN_NON_LITERAL_NULL_CONVERSION = YES;
				CLANG_WARN_OBJC_IMPLICIT_RETAIN_SELF = YES;
				CLANG_WARN_OBJC_LITERAL_CONVERSION = YES;
				CLANG_WARN_OBJC_ROOT_CLASS = YES_ERROR;
				CLANG_WARN_RANGE_LOOP_ANALYSIS = YES;
				CLANG_WARN_STRICT_PROTOTYPES = YES;
				CLANG_WARN_SUSPICIOUS_MOVE = YES;
				CLANG_WARN_UNGUARDED_AVAILABILITY = YES_AGGRESSIVE;
				CLANG_WARN_UNREACHABLE_CODE = YES;
				CLANG_WARN__DUPLICATE_METHOD_MATCH = YES;
				COPY_PHASE_STRIP = NO;
				DEBUG_INFORMATION_FORMAT = "dwarf-with-dsym";
				ENABLE_NS_ASSERTIONS = NO;
				ENABLE_STRICT_OBJC_MSGSEND = YES;
				GCC_C_LANGUAGE_STANDARD = gnu11;
				GCC_NO_COMMON_BLOCKS = YES;
				GCC_WARN_64_TO_32_BIT_CONVERSION = YES;
				GCC_WARN_ABOUT_RETURN_TYPE = YES_ERROR;
				GCC_WARN_UNDECLARED_SELECTOR = YES;
				GCC_WARN_UNINITIALIZED_AUTOS = YES_AGGRESSIVE;
				GCC_WARN_UNUSED_FUNCTION = YES;
				GCC_WARN_UNUSED_VARIABLE = YES;
				IPHONEOS_DEPLOYMENT_TARGET = 13.2;
				MTL_ENABLE_DEBUG_INFO = NO;
				MTL_FAST_MATH = YES;
				SDKROOT = iphoneos;
				SWIFT_COMPILATION_MODE = wholemodule;
				SWIFT_OPTIMIZATION_LEVEL = "-O";
				VALIDATE_PRODUCT = YES;
			};
			name = Release;
		};
		C89C22CE243A555500934DD3 /* Debug */ = {
			isa = XCBuildConfiguration;
			buildSettings = {
				ASSETCATALOG_COMPILER_APPICON_NAME = AppIcon;
				CODE_SIGN_STYLE = Automatic;
				DEVELOPMENT_TEAM = QYDMAKPX8Z;
				INFOPLIST_FILE = shopster/Info.plist;
				LD_RUNPATH_SEARCH_PATHS = (
					"$(inherited)",
					"@executable_path/Frameworks",
				);
				PRODUCT_BUNDLE_IDENTIFIER = com.JohnLui.shopster;
				PRODUCT_NAME = "$(TARGET_NAME)";
				SWIFT_VERSION = 5.0;
				TARGETED_DEVICE_FAMILY = "1,2";
			};
			name = Debug;
		};
		C89C22CF243A555500934DD3 /* Release */ = {
			isa = XCBuildConfiguration;
			buildSettings = {
				ASSETCATALOG_COMPILER_APPICON_NAME = AppIcon;
				CODE_SIGN_STYLE = Automatic;
				DEVELOPMENT_TEAM = QYDMAKPX8Z;
				INFOPLIST_FILE = shopster/Info.plist;
				LD_RUNPATH_SEARCH_PATHS = (
					"$(inherited)",
					"@executable_path/Frameworks",
				);
				PRODUCT_BUNDLE_IDENTIFIER = com.JohnLui.shopster;
				PRODUCT_NAME = "$(TARGET_NAME)";
				SWIFT_VERSION = 5.0;
				TARGETED_DEVICE_FAMILY = "1,2";
			};
			name = Release;
		};
/* End XCBuildConfiguration section */

/* Begin XCConfigurationList section */
		C89C22B4243A555300934DD3 /* Build configuration list for PBXProject "shopster" */ = {
			isa = XCConfigurationList;
			buildConfigurations = (
				C89C22CB243A555500934DD3 /* Debug */,
				C89C22CC243A555500934DD3 /* Release */,
			);
			defaultConfigurationIsVisible = 0;
			defaultConfigurationName = Release;
		};
		C89C22CD243A555500934DD3 /* Build configuration list for PBXNativeTarget "shopster" */ = {
			isa = XCConfigurationList;
			buildConfigurations = (
				C89C22CE243A555500934DD3 /* Debug */,
				C89C22CF243A555500934DD3 /* Release */,
			);
			defaultConfigurationIsVisible = 0;
			defaultConfigurationName = Release;
		};
/* End XCConfigurationList section */
	};
	rootObject = C89C22B1243A555300934DD3 /* Project object */;
}
